// !$*UTF8*$!
{
	archiveVersion = 1;
	classes = {
	};
	objectVersion = 56;
	objects = {

/* Begin PBXBuildFile section */
		1809CCB9B55E50D04746EC1A /* ChapterRuleTests.swift in Sources */ = {isa = PBXBuildFile; fileRef = 1809CBFE62C0B4D5E37394BC /* ChapterRuleTests.swift */; };
		E20C22B02B79697800944B60 /* RagdollApp.swift in Sources */ = {isa = PBXBuildFile; fileRef = E20C22AF2B79697800944B60 /* RagdollApp.swift */; };
		E20C22B22B79697800944B60 /* ContentView.swift in Sources */ = {isa = PBXBuildFile; fileRef = E20C22B12B79697800944B60 /* ContentView.swift */; };
		E20C22B42B79697800944B60 /* Item.swift in Sources */ = {isa = PBXBuildFile; fileRef = E20C22B32B79697800944B60 /* Item.swift */; };
		E20C22B62B79697900944B60 /* Assets.xcassets in Resources */ = {isa = PBXBuildFile; fileRef = E20C22B52B79697900944B60 /* Assets.xcassets */; };
		E20C22B92B79697900944B60 /* Preview Assets.xcassets in Resources */ = {isa = PBXBuildFile; fileRef = E20C22B82B79697900944B60 /* Preview Assets.xcassets */; };
		E20C22C42B79697900944B60 /* RagdollTests.swift in Sources */ = {isa = PBXBuildFile; fileRef = E20C22C32B79697900944B60 /* RagdollTests.swift */; };
		E20C22CE2B79697900944B60 /* RagdollUITests.swift in Sources */ = {isa = PBXBuildFile; fileRef = E20C22CD2B79697900944B60 /* RagdollUITests.swift */; };
		E20C22D02B79697900944B60 /* RagdollUITestsLaunchTests.swift in Sources */ = {isa = PBXBuildFile; fileRef = E20C22CF2B79697900944B60 /* RagdollUITestsLaunchTests.swift */; };
		E20C22E32B796ADD00944B60 /* ReadingView.swift in Sources */ = {isa = PBXBuildFile; fileRef = E20C22E02B796ADD00944B60 /* ReadingView.swift */; };
		E20C22E42B796ADD00944B60 /* HomeView.swift in Sources */ = {isa = PBXBuildFile; fileRef = E20C22E22B796ADD00944B60 /* HomeView.swift */; };
		E20C22EF2B796AF900944B60 /* Book.swift in Sources */ = {isa = PBXBuildFile; fileRef = E20C22E72B796AF900944B60 /* Book.swift */; };
		E20C22F02B796AF900944B60 /* Chapter.swift in Sources */ = {isa = PBXBuildFile; fileRef = E20C22E82B796AF900944B60 /* Chapter.swift */; };
		E20C22F12B796AF900944B60 /* FileHelper.swift in Sources */ = {isa = PBXBuildFile; fileRef = E20C22EA2B796AF900944B60 /* FileHelper.swift */; };
		E20C22F32B796AF900944B60 /* BookManager.swift in Sources */ = {isa = PBXBuildFile; fileRef = E20C22ED2B796AF900944B60 /* BookManager.swift */; };
		E20C22F42B796AF900944B60 /* BookParser.swift in Sources */ = {isa = PBXBuildFile; fileRef = E20C22EE2B796AF900944B60 /* BookParser.swift */; };
		E20C22F62B796DF600944B60 /* BookParserTests.swift in Sources */ = {isa = PBXBuildFile; fileRef = E20C22F52B796DF600944B60 /* BookParserTests.swift */; };
		E230923B2B7BFB100044C0CD /* Data.swift in Sources */ = {isa = PBXBuildFile; fileRef = E230923A2B7BFB100044C0CD /* Data.swift */; };
		E230923D2B7C03630044C0CD /* String.swift in Sources */ = {isa = PBXBuildFile; fileRef = E230923C2B7C03630044C0CD /* String.swift */; };
		E23092412B7C0CFA0044C0CD /* UserConfigs.swift in Sources */ = {isa = PBXBuildFile; fileRef = E23092402B7C0CFA0044C0CD /* UserConfigs.swift */; };
		E23092442B7C0D7F0044C0CD /* UserConfig.swift in Sources */ = {isa = PBXBuildFile; fileRef = E23092432B7C0D7F0044C0CD /* UserConfig.swift */; };
		E230924A2B7C1DBF0044C0CD /* ChapterTitleRules.json in Resources */ = {isa = PBXBuildFile; fileRef = E23092492B7C1DBF0044C0CD /* ChapterTitleRules.json */; };
		E230924F2B7CC87B0044C0CD /* Defaults in Frameworks */ = {isa = PBXBuildFile; productRef = E230924E2B7CC87B0044C0CD /* Defaults */; };
/* End PBXBuildFile section */

/* Begin PBXContainerItemProxy section */
		E20C22C02B79697900944B60 /* PBXContainerItemProxy */ = {
			isa = PBXContainerItemProxy;
			containerPortal = E20C22A42B79697800944B60 /* Project object */;
			proxyType = 1;
			remoteGlobalIDString = E20C22AB2B79697800944B60;
			remoteInfo = Ragdoll;
		};
		E20C22CA2B79697900944B60 /* PBXContainerItemProxy */ = {
			isa = PBXContainerItemProxy;
			containerPortal = E20C22A42B79697800944B60 /* Project object */;
			proxyType = 1;
			remoteGlobalIDString = E20C22AB2B79697800944B60;
			remoteInfo = Ragdoll;
		};
/* End PBXContainerItemProxy section */

/* Begin PBXFileReference section */
		1809CBFE62C0B4D5E37394BC /* ChapterRuleTests.swift */ = {isa = PBXFileReference; fileEncoding = 4; lastKnownFileType = sourcecode.swift; path = ChapterRuleTests.swift; sourceTree = "<group>"; };
		E20C22AC2B79697800944B60 /* Ragdoll.app */ = {isa = PBXFileReference; explicitFileType = wrapper.application; includeInIndex = 0; path = Ragdoll.app; sourceTree = BUILT_PRODUCTS_DIR; };
		E20C22AF2B79697800944B60 /* RagdollApp.swift */ = {isa = PBXFileReference; lastKnownFileType = sourcecode.swift; path = RagdollApp.swift; sourceTree = "<group>"; };
		E20C22B12B79697800944B60 /* ContentView.swift */ = {isa = PBXFileReference; lastKnownFileType = sourcecode.swift; path = ContentView.swift; sourceTree = "<group>"; };
		E20C22B32B79697800944B60 /* Item.swift */ = {isa = PBXFileReference; lastKnownFileType = sourcecode.swift; path = Item.swift; sourceTree = "<group>"; };
		E20C22B52B79697900944B60 /* Assets.xcassets */ = {isa = PBXFileReference; lastKnownFileType = folder.assetcatalog; path = Assets.xcassets; sourceTree = "<group>"; };
		E20C22B82B79697900944B60 /* Preview Assets.xcassets */ = {isa = PBXFileReference; lastKnownFileType = folder.assetcatalog; path = "Preview Assets.xcassets"; sourceTree = "<group>"; };
		E20C22BA2B79697900944B60 /* Ragdoll.entitlements */ = {isa = PBXFileReference; lastKnownFileType = text.plist.entitlements; path = Ragdoll.entitlements; sourceTree = "<group>"; };
		E20C22BF2B79697900944B60 /* RagdollTests.xctest */ = {isa = PBXFileReference; explicitFileType = wrapper.cfbundle; includeInIndex = 0; path = RagdollTests.xctest; sourceTree = BUILT_PRODUCTS_DIR; };
		E20C22C32B79697900944B60 /* RagdollTests.swift */ = {isa = PBXFileReference; lastKnownFileType = sourcecode.swift; path = RagdollTests.swift; sourceTree = "<group>"; };
		E20C22C92B79697900944B60 /* RagdollUITests.xctest */ = {isa = PBXFileReference; explicitFileType = wrapper.cfbundle; includeInIndex = 0; path = RagdollUITests.xctest; sourceTree = BUILT_PRODUCTS_DIR; };
		E20C22CD2B79697900944B60 /* RagdollUITests.swift */ = {isa = PBXFileReference; lastKnownFileType = sourcecode.swift; path = RagdollUITests.swift; sourceTree = "<group>"; };
		E20C22CF2B79697900944B60 /* RagdollUITestsLaunchTests.swift */ = {isa = PBXFileReference; lastKnownFileType = sourcecode.swift; path = RagdollUITestsLaunchTests.swift; sourceTree = "<group>"; };
		E20C22E02B796ADD00944B60 /* ReadingView.swift */ = {isa = PBXFileReference; fileEncoding = 4; lastKnownFileType = sourcecode.swift; path = ReadingView.swift; sourceTree = "<group>"; };
		E20C22E22B796ADD00944B60 /* HomeView.swift */ = {isa = PBXFileReference; fileEncoding = 4; lastKnownFileType = sourcecode.swift; path = HomeView.swift; sourceTree = "<group>"; };
		E20C22E72B796AF900944B60 /* Book.swift */ = {isa = PBXFileReference; fileEncoding = 4; lastKnownFileType = sourcecode.swift; path = Book.swift; sourceTree = "<group>"; };
		E20C22E82B796AF900944B60 /* Chapter.swift */ = {isa = PBXFileReference; fileEncoding = 4; lastKnownFileType = sourcecode.swift; path = Chapter.swift; sourceTree = "<group>"; };
		E20C22EA2B796AF900944B60 /* FileHelper.swift */ = {isa = PBXFileReference; fileEncoding = 4; lastKnownFileType = sourcecode.swift; path = FileHelper.swift; sourceTree = "<group>"; };
		E20C22ED2B796AF900944B60 /* BookManager.swift */ = {isa = PBXFileReference; fileEncoding = 4; lastKnownFileType = sourcecode.swift; path = BookManager.swift; sourceTree = "<group>"; };
		E20C22EE2B796AF900944B60 /* BookParser.swift */ = {isa = PBXFileReference; fileEncoding = 4; lastKnownFileType = sourcecode.swift; path = BookParser.swift; sourceTree = "<group>"; };
		E20C22F52B796DF600944B60 /* BookParserTests.swift */ = {isa = PBXFileReference; lastKnownFileType = sourcecode.swift; path = BookParserTests.swift; sourceTree = "<group>"; };
		E230923A2B7BFB100044C0CD /* Data.swift */ = {isa = PBXFileReference; lastKnownFileType = sourcecode.swift; path = Data.swift; sourceTree = "<group>"; };
		E230923C2B7C03630044C0CD /* String.swift */ = {isa = PBXFileReference; lastKnownFileType = sourcecode.swift; path = String.swift; sourceTree = "<group>"; };
		E23092402B7C0CFA0044C0CD /* UserConfigs.swift */ = {isa = PBXFileReference; lastKnownFileType = sourcecode.swift; path = UserConfigs.swift; sourceTree = "<group>"; };
		E23092432B7C0D7F0044C0CD /* UserConfig.swift */ = {isa = PBXFileReference; lastKnownFileType = sourcecode.swift; path = UserConfig.swift; sourceTree = "<group>"; };
		E23092492B7C1DBF0044C0CD /* ChapterTitleRules.json */ = {isa = PBXFileReference; fileEncoding = 4; lastKnownFileType = text.json; path = ChapterTitleRules.json; sourceTree = "<group>"; };
/* End PBXFileReference section */

/* Begin PBXFrameworksBuildPhase section */
		E20C22A92B79697800944B60 /* Frameworks */ = {
			isa = PBXFrameworksBuildPhase;
			buildActionMask = 2147483647;
			files = (
				E230924F2B7CC87B0044C0CD /* Defaults in Frameworks */,
			);
			runOnlyForDeploymentPostprocessing = 0;
		};
		E20C22BC2B79697900944B60 /* Frameworks */ = {
			isa = PBXFrameworksBuildPhase;
			buildActionMask = 2147483647;
			files = (
			);
			runOnlyForDeploymentPostprocessing = 0;
		};
		E20C22C62B79697900944B60 /* Frameworks */ = {
			isa = PBXFrameworksBuildPhase;
			buildActionMask = 2147483647;
			files = (
			);
			runOnlyForDeploymentPostprocessing = 0;
		};
/* End PBXFrameworksBuildPhase section */

/* Begin PBXGroup section */
		E20C22A32B79697800944B60 = {
			isa = PBXGroup;
			children = (
				E20C22AE2B79697800944B60 /* Ragdoll */,
				E20C22C22B79697900944B60 /* RagdollTests */,
				E20C22CC2B79697900944B60 /* RagdollUITests */,
				E20C22AD2B79697800944B60 /* Products */,
			);
			sourceTree = "<group>";
		};
		E20C22AD2B79697800944B60 /* Products */ = {
			isa = PBXGroup;
			children = (
				E20C22AC2B79697800944B60 /* Ragdoll.app */,
				E20C22BF2B79697900944B60 /* RagdollTests.xctest */,
				E20C22C92B79697900944B60 /* RagdollUITests.xctest */,
			);
			name = Products;
			sourceTree = "<group>";
		};
		E20C22AE2B79697800944B60 /* Ragdoll */ = {
			isa = PBXGroup;
			children = (
				E23092482B7C1D730044C0CD /* Configs */,
				E20C22E52B796AF900944B60 /* Models */,
				E20C22E92B796AF900944B60 /* Utils */,
				E20C22DE2B796ADD00944B60 /* Features */,
				E20C22AF2B79697800944B60 /* RagdollApp.swift */,
				E20C22B12B79697800944B60 /* ContentView.swift */,
				E20C22B32B79697800944B60 /* Item.swift */,
				E20C22B52B79697900944B60 /* Assets.xcassets */,
				E20C22BA2B79697900944B60 /* Ragdoll.entitlements */,
				E20C22B72B79697900944B60 /* Preview Content */,
			);
			path = Ragdoll;
			sourceTree = "<group>";
		};
		E20C22B72B79697900944B60 /* Preview Content */ = {
			isa = PBXGroup;
			children = (
				E20C22B82B79697900944B60 /* Preview Assets.xcassets */,
			);
			path = "Preview Content";
			sourceTree = "<group>";
		};
		E20C22C22B79697900944B60 /* RagdollTests */ = {
			isa = PBXGroup;
			children = (
				E20C22C32B79697900944B60 /* RagdollTests.swift */,
				E20C22F52B796DF600944B60 /* BookParserTests.swift */,
				1809CBFE62C0B4D5E37394BC /* ChapterRuleTests.swift */,
			);
			path = RagdollTests;
			sourceTree = "<group>";
		};
		E20C22CC2B79697900944B60 /* RagdollUITests */ = {
			isa = PBXGroup;
			children = (
				E20C22CD2B79697900944B60 /* RagdollUITests.swift */,
				E20C22CF2B79697900944B60 /* RagdollUITestsLaunchTests.swift */,
			);
			path = RagdollUITests;
			sourceTree = "<group>";
		};
		E20C22DE2B796ADD00944B60 /* Features */ = {
			isa = PBXGroup;
			children = (
				E20C22DF2B796ADD00944B60 /* Reading */,
				E20C22E12B796ADD00944B60 /* Home */,
			);
			path = Features;
			sourceTree = "<group>";
		};
		E20C22DF2B796ADD00944B60 /* Reading */ = {
			isa = PBXGroup;
			children = (
				E20C22E02B796ADD00944B60 /* ReadingView.swift */,
			);
			path = Reading;
			sourceTree = "<group>";
		};
		E20C22E12B796ADD00944B60 /* Home */ = {
			isa = PBXGroup;
			children = (
				E20C22E22B796ADD00944B60 /* HomeView.swift */,
			);
			path = Home;
			sourceTree = "<group>";
		};
		E20C22E52B796AF900944B60 /* Models */ = {
			isa = PBXGroup;
			children = (
				E20C22E62B796AF900944B60 /* Book */,
			);
			path = Models;
			sourceTree = "<group>";
		};
		E20C22E62B796AF900944B60 /* Book */ = {
			isa = PBXGroup;
			children = (
				E20C22E72B796AF900944B60 /* Book.swift */,
				E20C22E82B796AF900944B60 /* Chapter.swift */,
			);
			path = Book;
			sourceTree = "<group>";
		};
		E20C22E92B796AF900944B60 /* Utils */ = {
			isa = PBXGroup;
			children = (
				E23092392B7BFAF20044C0CD /* Extensions */,
				E20C22EA2B796AF900944B60 /* FileHelper.swift */,
				E20C22EC2B796AF900944B60 /* Book */,
				E23092432B7C0D7F0044C0CD /* UserConfig.swift */,
			);
			path = Utils;
			sourceTree = "<group>";
		};
		E20C22EC2B796AF900944B60 /* Book */ = {
			isa = PBXGroup;
			children = (
				E20C22ED2B796AF900944B60 /* BookManager.swift */,
				E20C22EE2B796AF900944B60 /* BookParser.swift */,
			);
			path = Book;
			sourceTree = "<group>";
		};
		E23092392B7BFAF20044C0CD /* Extensions */ = {
			isa = PBXGroup;
			children = (
				E230923A2B7BFB100044C0CD /* Data.swift */,
				E230923C2B7C03630044C0CD /* String.swift */,
			);
			path = Extensions;
			sourceTree = "<group>";
		};
		E23092482B7C1D730044C0CD /* Configs */ = {
			isa = PBXGroup;
			children = (
				E23092492B7C1DBF0044C0CD /* ChapterTitleRules.json */,
				E23092402B7C0CFA0044C0CD /* UserConfigs.swift */,
			);
			path = Configs;
			sourceTree = "<group>";
		};
/* End PBXGroup section */

/* Begin PBXNativeTarget section */
		E20C22AB2B79697800944B60 /* Ragdoll */ = {
			isa = PBXNativeTarget;
			buildConfigurationList = E20C22D32B79697900944B60 /* Build configuration list for PBXNativeTarget "Ragdoll" */;
			buildPhases = (
				E20C22A82B79697800944B60 /* Sources */,
				E20C22A92B79697800944B60 /* Frameworks */,
				E20C22AA2B79697800944B60 /* Resources */,
			);
			buildRules = (
			);
			dependencies = (
			);
			name = Ragdoll;
			packageProductDependencies = (
				E230924E2B7CC87B0044C0CD /* Defaults */,
			);
			productName = Ragdoll;
			productReference = E20C22AC2B79697800944B60 /* Ragdoll.app */;
			productType = "com.apple.product-type.application";
		};
		E20C22BE2B79697900944B60 /* RagdollTests */ = {
			isa = PBXNativeTarget;
			buildConfigurationList = E20C22D62B79697900944B60 /* Build configuration list for PBXNativeTarget "RagdollTests" */;
			buildPhases = (
				E20C22BB2B79697900944B60 /* Sources */,
				E20C22BC2B79697900944B60 /* Frameworks */,
				E20C22BD2B79697900944B60 /* Resources */,
			);
			buildRules = (
			);
			dependencies = (
				E20C22C12B79697900944B60 /* PBXTargetDependency */,
			);
			name = RagdollTests;
			productName = RagdollTests;
			productReference = E20C22BF2B79697900944B60 /* RagdollTests.xctest */;
			productType = "com.apple.product-type.bundle.unit-test";
		};
		E20C22C82B79697900944B60 /* RagdollUITests */ = {
			isa = PBXNativeTarget;
			buildConfigurationList = E20C22D92B79697900944B60 /* Build configuration list for PBXNativeTarget "RagdollUITests" */;
			buildPhases = (
				E20C22C52B79697900944B60 /* Sources */,
				E20C22C62B79697900944B60 /* Frameworks */,
				E20C22C72B79697900944B60 /* Resources */,
			);
			buildRules = (
			);
			dependencies = (
				E20C22CB2B79697900944B60 /* PBXTargetDependency */,
			);
			name = RagdollUITests;
			productName = RagdollUITests;
			productReference = E20C22C92B79697900944B60 /* RagdollUITests.xctest */;
			productType = "com.apple.product-type.bundle.ui-testing";
		};
/* End PBXNativeTarget section */

/* Begin PBXProject section */
		E20C22A42B79697800944B60 /* Project object */ = {
			isa = PBXProject;
			attributes = {
				BuildIndependentTargetsInParallel = 1;
				LastSwiftUpdateCheck = 1520;
				LastUpgradeCheck = 1520;
				TargetAttributes = {
					E20C22AB2B79697800944B60 = {
						CreatedOnToolsVersion = 15.2;
					};
					E20C22BE2B79697900944B60 = {
						CreatedOnToolsVersion = 15.2;
						TestTargetID = E20C22AB2B79697800944B60;
					};
					E20C22C82B79697900944B60 = {
						CreatedOnToolsVersion = 15.2;
						TestTargetID = E20C22AB2B79697800944B60;
					};
				};
			};
			buildConfigurationList = E20C22A72B79697800944B60 /* Build configuration list for PBXProject "Ragdoll" */;
			compatibilityVersion = "Xcode 14.0";
			developmentRegion = en;
			hasScannedForEncodings = 0;
			knownRegions = (
				en,
				Base,
			);
			mainGroup = E20C22A32B79697800944B60;
			packageReferences = (
				E230924D2B7CC87B0044C0CD /* XCRemoteSwiftPackageReference "Defaults" */,
			);
			productRefGroup = E20C22AD2B79697800944B60 /* Products */;
			projectDirPath = "";
			projectRoot = "";
			targets = (
				E20C22AB2B79697800944B60 /* Ragdoll */,
				E20C22BE2B79697900944B60 /* RagdollTests */,
				E20C22C82B79697900944B60 /* RagdollUITests */,
			);
		};
/* End PBXProject section */

/* Begin PBXResourcesBuildPhase section */
		E20C22AA2B79697800944B60 /* Resources */ = {
			isa = PBXResourcesBuildPhase;
			buildActionMask = 2147483647;
			files = (
				E230924A2B7C1DBF0044C0CD /* ChapterTitleRules.json in Resources */,
				E20C22B92B79697900944B60 /* Preview Assets.xcassets in Resources */,
				E20C22B62B79697900944B60 /* Assets.xcassets in Resources */,
			);
			runOnlyForDeploymentPostprocessing = 0;
		};
		E20C22BD2B79697900944B60 /* Resources */ = {
			isa = PBXResourcesBuildPhase;
			buildActionMask = 2147483647;
			files = (
			);
			runOnlyForDeploymentPostprocessing = 0;
		};
		E20C22C72B79697900944B60 /* Resources */ = {
			isa = PBXResourcesBuildPhase;
			buildActionMask = 2147483647;
			files = (
			);
			runOnlyForDeploymentPostprocessing = 0;
		};
/* End PBXResourcesBuildPhase section */

/* Begin PBXSourcesBuildPhase section */
		E20C22A82B79697800944B60 /* Sources */ = {
			isa = PBXSourcesBuildPhase;
			buildActionMask = 2147483647;
			files = (
				E20C22B22B79697800944B60 /* ContentView.swift in Sources */,
				E230923D2B7C03630044C0CD /* String.swift in Sources */,
				E23092412B7C0CFA0044C0CD /* UserConfigs.swift in Sources */,
				E20C22F42B796AF900944B60 /* BookParser.swift in Sources */,
				E20C22E32B796ADD00944B60 /* ReadingView.swift in Sources */,
				E20C22EF2B796AF900944B60 /* Book.swift in Sources */,
				E20C22F12B796AF900944B60 /* FileHelper.swift in Sources */,
				E230923B2B7BFB100044C0CD /* Data.swift in Sources */,
				E20C22B42B79697800944B60 /* Item.swift in Sources */,
				E23092442B7C0D7F0044C0CD /* UserConfig.swift in Sources */,
				E20C22E42B796ADD00944B60 /* HomeView.swift in Sources */,
				E20C22B02B79697800944B60 /* RagdollApp.swift in Sources */,
				E20C22F32B796AF900944B60 /* BookManager.swift in Sources */,
				E20C22F02B796AF900944B60 /* Chapter.swift in Sources */,
			);
			runOnlyForDeploymentPostprocessing = 0;
		};
		E20C22BB2B79697900944B60 /* Sources */ = {
			isa = PBXSourcesBuildPhase;
			buildActionMask = 2147483647;
			files = (
				E20C22C42B79697900944B60 /* RagdollTests.swift in Sources */,
				E20C22F62B796DF600944B60 /* BookParserTests.swift in Sources */,
				1809CCB9B55E50D04746EC1A /* ChapterRuleTests.swift in Sources */,
			);
			runOnlyForDeploymentPostprocessing = 0;
		};
		E20C22C52B79697900944B60 /* Sources */ = {
			isa = PBXSourcesBuildPhase;
			buildActionMask = 2147483647;
			files = (
				E20C22D02B79697900944B60 /* RagdollUITestsLaunchTests.swift in Sources */,
				E20C22CE2B79697900944B60 /* RagdollUITests.swift in Sources */,
			);
			runOnlyForDeploymentPostprocessing = 0;
		};
/* End PBXSourcesBuildPhase section */

/* Begin PBXTargetDependency section */
		E20C22C12B79697900944B60 /* PBXTargetDependency */ = {
			isa = PBXTargetDependency;
			target = E20C22AB2B79697800944B60 /* Ragdoll */;
			targetProxy = E20C22C02B79697900944B60 /* PBXContainerItemProxy */;
		};
		E20C22CB2B79697900944B60 /* PBXTargetDependency */ = {
			isa = PBXTargetDependency;
			target = E20C22AB2B79697800944B60 /* Ragdoll */;
			targetProxy = E20C22CA2B79697900944B60 /* PBXContainerItemProxy */;
		};
/* End PBXTargetDependency section */

/* Begin XCBuildConfiguration section */
		E20C22D12B79697900944B60 /* Debug */ = {
			isa = XCBuildConfiguration;
			buildSettings = {
				ALWAYS_SEARCH_USER_PATHS = NO;
				ASSETCATALOG_COMPILER_GENERATE_SWIFT_ASSET_SYMBOL_EXTENSIONS = YES;
				CLANG_ANALYZER_NONNULL = YES;
				CLANG_ANALYZER_NUMBER_OBJECT_CONVERSION = YES_AGGRESSIVE;
				CLANG_CXX_LANGUAGE_STANDARD = "gnu++20";
				CLANG_ENABLE_MODULES = YES;
				CLANG_ENABLE_OBJC_ARC = YES;
				CLANG_ENABLE_OBJC_WEAK = YES;
				CLANG_WARN_BLOCK_CAPTURE_AUTORELEASING = YES;
				CLANG_WARN_BOOL_CONVERSION = YES;
				CLANG_WARN_COMMA = YES;
				CLANG_WARN_CONSTANT_CONVERSION = YES;
				CLANG_WARN_DEPRECATED_OBJC_IMPLEMENTATIONS = YES;
				CLANG_WARN_DIRECT_OBJC_ISA_USAGE = YES_ERROR;
				CLANG_WARN_DOCUMENTATION_COMMENTS = YES;
				CLANG_WARN_EMPTY_BODY = YES;
				CLANG_WARN_ENUM_CONVERSION = YES;
				CLANG_WARN_INFINITE_RECURSION = YES;
				CLANG_WARN_INT_CONVERSION = YES;
				CLANG_WARN_NON_LITERAL_NULL_CONVERSION = YES;
				CLANG_WARN_OBJC_IMPLICIT_RETAIN_SELF = YES;
				CLANG_WARN_OBJC_LITERAL_CONVERSION = YES;
				CLANG_WARN_OBJC_ROOT_CLASS = YES_ERROR;
				CLANG_WARN_QUOTED_INCLUDE_IN_FRAMEWORK_HEADER = YES;
				CLANG_WARN_RANGE_LOOP_ANALYSIS = YES;
				CLANG_WARN_STRICT_PROTOTYPES = YES;
				CLANG_WARN_SUSPICIOUS_MOVE = YES;
				CLANG_WARN_UNGUARDED_AVAILABILITY = YES_AGGRESSIVE;
				CLANG_WARN_UNREACHABLE_CODE = YES;
				CLANG_WARN__DUPLICATE_METHOD_MATCH = YES;
				COPY_PHASE_STRIP = NO;
				DEBUG_INFORMATION_FORMAT = dwarf;
				ENABLE_STRICT_OBJC_MSGSEND = YES;
				ENABLE_TESTABILITY = YES;
				ENABLE_USER_SCRIPT_SANDBOXING = YES;
				GCC_C_LANGUAGE_STANDARD = gnu17;
				GCC_DYNAMIC_NO_PIC = NO;
				GCC_NO_COMMON_BLOCKS = YES;
				GCC_OPTIMIZATION_LEVEL = 0;
				GCC_PREPROCESSOR_DEFINITIONS = (
					"DEBUG=1",
					"$(inherited)",
				);
				GCC_WARN_64_TO_32_BIT_CONVERSION = YES;
				GCC_WARN_ABOUT_RETURN_TYPE = YES_ERROR;
				GCC_WARN_UNDECLARED_SELECTOR = YES;
				GCC_WARN_UNINITIALIZED_AUTOS = YES_AGGRESSIVE;
				GCC_WARN_UNUSED_FUNCTION = YES;
				GCC_WARN_UNUSED_VARIABLE = YES;
				LOCALIZATION_PREFERS_STRING_CATALOGS = YES;
				MACOSX_DEPLOYMENT_TARGET = 14.2;
				MTL_ENABLE_DEBUG_INFO = INCLUDE_SOURCE;
				MTL_FAST_MATH = YES;
				ONLY_ACTIVE_ARCH = YES;
				SDKROOT = macosx;
				SWIFT_ACTIVE_COMPILATION_CONDITIONS = "DEBUG $(inherited)";
				SWIFT_OPTIMIZATION_LEVEL = "-Onone";
			};
			name = Debug;
		};
		E20C22D22B79697900944B60 /* Release */ = {
			isa = XCBuildConfiguration;
			buildSettings = {
				ALWAYS_SEARCH_USER_PATHS = NO;
				ASSETCATALOG_COMPILER_GENERATE_SWIFT_ASSET_SYMBOL_EXTENSIONS = YES;
				CLANG_ANALYZER_NONNULL = YES;
				CLANG_ANALYZER_NUMBER_OBJECT_CONVERSION = YES_AGGRESSIVE;
				CLANG_CXX_LANGUAGE_STANDARD = "gnu++20";
				CLANG_ENABLE_MODULES = YES;
				CLANG_ENABLE_OBJC_ARC = YES;
				CLANG_ENABLE_OBJC_WEAK = YES;
				CLANG_WARN_BLOCK_CAPTURE_AUTORELEASING = YES;
				CLANG_WARN_BOOL_CONVERSION = YES;
				CLANG_WARN_COMMA = YES;
				CLANG_WARN_CONSTANT_CONVERSION = YES;
				CLANG_WARN_DEPRECATED_OBJC_IMPLEMENTATIONS = YES;
				CLANG_WARN_DIRECT_OBJC_ISA_USAGE = YES_ERROR;
				CLANG_WARN_DOCUMENTATION_COMMENTS = YES;
				CLANG_WARN_EMPTY_BODY = YES;
				CLANG_WARN_ENUM_CONVERSION = YES;
				CLANG_WARN_INFINITE_RECURSION = YES;
				CLANG_WARN_INT_CONVERSION = YES;
				CLANG_WARN_NON_LITERAL_NULL_CONVERSION = YES;
				CLANG_WARN_OBJC_IMPLICIT_RETAIN_SELF = YES;
				CLANG_WARN_OBJC_LITERAL_CONVERSION = YES;
				CLANG_WARN_OBJC_ROOT_CLASS = YES_ERROR;
				CLANG_WARN_QUOTED_INCLUDE_IN_FRAMEWORK_HEADER = YES;
				CLANG_WARN_RANGE_LOOP_ANALYSIS = YES;
				CLANG_WARN_STRICT_PROTOTYPES = YES;
				CLANG_WARN_SUSPICIOUS_MOVE = YES;
				CLANG_WARN_UNGUARDED_AVAILABILITY = YES_AGGRESSIVE;
				CLANG_WARN_UNREACHABLE_CODE = YES;
				CLANG_WARN__DUPLICATE_METHOD_MATCH = YES;
				COPY_PHASE_STRIP = NO;
				DEBUG_INFORMATION_FORMAT = "dwarf-with-dsym";
				ENABLE_NS_ASSERTIONS = NO;
				ENABLE_STRICT_OBJC_MSGSEND = YES;
				ENABLE_USER_SCRIPT_SANDBOXING = YES;
				GCC_C_LANGUAGE_STANDARD = gnu17;
				GCC_NO_COMMON_BLOCKS = YES;
				GCC_WARN_64_TO_32_BIT_CONVERSION = YES;
				GCC_WARN_ABOUT_RETURN_TYPE = YES_ERROR;
				GCC_WARN_UNDECLARED_SELECTOR = YES;
				GCC_WARN_UNINITIALIZED_AUTOS = YES_AGGRESSIVE;
				GCC_WARN_UNUSED_FUNCTION = YES;
				GCC_WARN_UNUSED_VARIABLE = YES;
				LOCALIZATION_PREFERS_STRING_CATALOGS = YES;
				MACOSX_DEPLOYMENT_TARGET = 14.2;
				MTL_ENABLE_DEBUG_INFO = NO;
				MTL_FAST_MATH = YES;
				SDKROOT = macosx;
				SWIFT_COMPILATION_MODE = wholemodule;
			};
			name = Release;
		};
		E20C22D42B79697900944B60 /* Debug */ = {
			isa = XCBuildConfiguration;
			buildSettings = {
				ASSETCATALOG_COMPILER_APPICON_NAME = AppIcon;
				ASSETCATALOG_COMPILER_GLOBAL_ACCENT_COLOR_NAME = AccentColor;
				CODE_SIGN_ENTITLEMENTS = Ragdoll/Ragdoll.entitlements;
				CODE_SIGN_STYLE = Automatic;
				COMBINE_HIDPI_IMAGES = YES;
				CURRENT_PROJECT_VERSION = 1;
				DEVELOPMENT_ASSET_PATHS = "\"Ragdoll/Preview Content\"";
				DEVELOPMENT_TEAM = 5UU658JJ6L;
				ENABLE_HARDENED_RUNTIME = YES;
				ENABLE_PREVIEWS = YES;
				GENERATE_INFOPLIST_FILE = YES;
				INFOPLIST_KEY_NSHumanReadableCopyright = "";
				LD_RUNPATH_SEARCH_PATHS = (
					"$(inherited)",
					"@executable_path/../Frameworks",
				);
				MACOSX_DEPLOYMENT_TARGET = 14.0;
				MARKETING_VERSION = 1.0;
				PRODUCT_BUNDLE_IDENTIFIER = chachako.Ragdoll;
				PRODUCT_NAME = "$(TARGET_NAME)";
				SWIFT_EMIT_LOC_STRINGS = YES;
				SWIFT_VERSION = 5.0;
			};
			name = Debug;
		};
		E20C22D52B79697900944B60 /* Release */ = {
			isa = XCBuildConfiguration;
			buildSettings = {
				ASSETCATALOG_COMPILER_APPICON_NAME = AppIcon;
				ASSETCATALOG_COMPILER_GLOBAL_ACCENT_COLOR_NAME = AccentColor;
				CODE_SIGN_ENTITLEMENTS = Ragdoll/Ragdoll.entitlements;
				CODE_SIGN_STYLE = Automatic;
				COMBINE_HIDPI_IMAGES = YES;
				CURRENT_PROJECT_VERSION = 1;
				DEVELOPMENT_ASSET_PATHS = "\"Ragdoll/Preview Content\"";
				DEVELOPMENT_TEAM = 5UU658JJ6L;
				ENABLE_HARDENED_RUNTIME = YES;
				ENABLE_PREVIEWS = YES;
				GENERATE_INFOPLIST_FILE = YES;
				INFOPLIST_KEY_NSHumanReadableCopyright = "";
				LD_RUNPATH_SEARCH_PATHS = (
					"$(inherited)",
					"@executable_path/../Frameworks",
				);
				MACOSX_DEPLOYMENT_TARGET = 14.0;
				MARKETING_VERSION = 1.0;
				PRODUCT_BUNDLE_IDENTIFIER = chachako.Ragdoll;
				PRODUCT_NAME = "$(TARGET_NAME)";
				SWIFT_EMIT_LOC_STRINGS = YES;
				SWIFT_VERSION = 5.0;
			};
			name = Release;
		};
		E20C22D72B79697900944B60 /* Debug */ = {
			isa = XCBuildConfiguration;
			buildSettings = {
				ALWAYS_EMBED_SWIFT_STANDARD_LIBRARIES = YES;
				BUNDLE_LOADER = "$(TEST_HOST)";
				CODE_SIGN_STYLE = Automatic;
				CURRENT_PROJECT_VERSION = 1;
				DEVELOPMENT_TEAM = 5UU658JJ6L;
				GENERATE_INFOPLIST_FILE = YES;
				MACOSX_DEPLOYMENT_TARGET = 14.0;
				MARKETING_VERSION = 1.0;
				PRODUCT_BUNDLE_IDENTIFIER = chachako.RagdollTests;
				PRODUCT_NAME = "$(TARGET_NAME)";
				SWIFT_EMIT_LOC_STRINGS = NO;
				SWIFT_VERSION = 5.0;
				TEST_HOST = "$(BUILT_PRODUCTS_DIR)/Ragdoll.app/$(BUNDLE_EXECUTABLE_FOLDER_PATH)/Ragdoll";
			};
			name = Debug;
		};
		E20C22D82B79697900944B60 /* Release */ = {
			isa = XCBuildConfiguration;
			buildSettings = {
				ALWAYS_EMBED_SWIFT_STANDARD_LIBRARIES = YES;
				BUNDLE_LOADER = "$(TEST_HOST)";
				CODE_SIGN_STYLE = Automatic;
				CURRENT_PROJECT_VERSION = 1;
				DEVELOPMENT_TEAM = 5UU658JJ6L;
				GENERATE_INFOPLIST_FILE = YES;
				MACOSX_DEPLOYMENT_TARGET = 14.0;
				MARKETING_VERSION = 1.0;
				PRODUCT_BUNDLE_IDENTIFIER = chachako.RagdollTests;
				PRODUCT_NAME = "$(TARGET_NAME)";
				SWIFT_EMIT_LOC_STRINGS = NO;
				SWIFT_VERSION = 5.0;
				TEST_HOST = "$(BUILT_PRODUCTS_DIR)/Ragdoll.app/$(BUNDLE_EXECUTABLE_FOLDER_PATH)/Ragdoll";
			};
			name = Release;
		};
		E20C22DA2B79697900944B60 /* Debug */ = {
			isa = XCBuildConfiguration;
			buildSettings = {
				ALWAYS_EMBED_SWIFT_STANDARD_LIBRARIES = YES;
				CODE_SIGN_STYLE = Automatic;
				CURRENT_PROJECT_VERSION = 1;
				DEVELOPMENT_TEAM = 5UU658JJ6L;
				GENERATE_INFOPLIST_FILE = YES;
				MARKETING_VERSION = 1.0;
				PRODUCT_BUNDLE_IDENTIFIER = chachako.RagdollUITests;
				PRODUCT_NAME = "$(TARGET_NAME)";
				SWIFT_EMIT_LOC_STRINGS = NO;
				SWIFT_VERSION = 5.0;
				TEST_TARGET_NAME = Ragdoll;
			};
			name = Debug;
		};
		E20C22DB2B79697900944B60 /* Release */ = {
			isa = XCBuildConfiguration;
			buildSettings = {
				ALWAYS_EMBED_SWIFT_STANDARD_LIBRARIES = YES;
				CODE_SIGN_STYLE = Automatic;
				CURRENT_PROJECT_VERSION = 1;
				DEVELOPMENT_TEAM = 5UU658JJ6L;
				GENERATE_INFOPLIST_FILE = YES;
				MARKETING_VERSION = 1.0;
				PRODUCT_BUNDLE_IDENTIFIER = chachako.RagdollUITests;
				PRODUCT_NAME = "$(TARGET_NAME)";
				SWIFT_EMIT_LOC_STRINGS = NO;
				SWIFT_VERSION = 5.0;
				TEST_TARGET_NAME = Ragdoll;
			};
			name = Release;
		};
/* End XCBuildConfiguration section */

/* Begin XCConfigurationList section */
		E20C22A72B79697800944B60 /* Build configuration list for PBXProject "Ragdoll" */ = {
			isa = XCConfigurationList;
			buildConfigurations = (
				E20C22D12B79697900944B60 /* Debug */,
				E20C22D22B79697900944B60 /* Release */,
			);
			defaultConfigurationIsVisible = 0;
			defaultConfigurationName = Release;
		};
		E20C22D32B79697900944B60 /* Build configuration list for PBXNativeTarget "Ragdoll" */ = {
			isa = XCConfigurationList;
			buildConfigurations = (
				E20C22D42B79697900944B60 /* Debug */,
				E20C22D52B79697900944B60 /* Release */,
			);
			defaultConfigurationIsVisible = 0;
			defaultConfigurationName = Release;
		};
		E20C22D62B79697900944B60 /* Build configuration list for PBXNativeTarget "RagdollTests" */ = {
			isa = XCConfigurationList;
			buildConfigurations = (
				E20C22D72B79697900944B60 /* Debug */,
				E20C22D82B79697900944B60 /* Release */,
			);
			defaultConfigurationIsVisible = 0;
			defaultConfigurationName = Release;
		};
		E20C22D92B79697900944B60 /* Build configuration list for PBXNativeTarget "RagdollUITests" */ = {
			isa = XCConfigurationList;
			buildConfigurations = (
				E20C22DA2B79697900944B60 /* Debug */,
				E20C22DB2B79697900944B60 /* Release */,
			);
			defaultConfigurationIsVisible = 0;
			defaultConfigurationName = Release;
		};
/* End XCConfigurationList section */

/* Begin XCRemoteSwiftPackageReference section */
		E230924D2B7CC87B0044C0CD /* XCRemoteSwiftPackageReference "Defaults" */ = {
			isa = XCRemoteSwiftPackageReference;
			repositoryURL = "https://github.com/sindresorhus/Defaults";
			requirement = {
				branch = main;
				kind = branch;
			};
		};
/* End XCRemoteSwiftPackageReference section */

/* Begin XCSwiftPackageProductDependency section */
		E230924E2B7CC87B0044C0CD /* Defaults */ = {
			isa = XCSwiftPackageProductDependency;
			package = E230924D2B7CC87B0044C0CD /* XCRemoteSwiftPackageReference "Defaults" */;
			productName = Defaults;
		};
/* End XCSwiftPackageProductDependency section */
	};
	rootObject = E20C22A42B79697800944B60 /* Project object */;
}
